
Microsoft Visual Studio Solution File, Format Version 12.00
# Visual Studio Version 16
VisualStudioVersion = 16.0.30114.105
MinimumVisualStudioVersion = 10.0.40219.1
Project("{8BC9CEB8-8B4A-11D0-8D11-00A0C91BC942}") = "1342. Number of Steps to Reduce a Number to Zero", "1342. Number of Steps to Reduce a Number to Zero\1342. Number of Steps to Reduce a Number to Zero.vcxproj", "{5935B336-4ED2-41B5-852B-67A138B2521B}"
EndProject
Global
	GlobalSection(SolutionConfigurationPlatforms) = preSolution
		Debug|x64 = Debug|x64
		Debug|x86 = Debug|x86
		Release|x64 = Release|x64
		Release|x86 = Release|x86
	EndGlobalSection
	GlobalSection(ProjectConfigurationPlatforms) = postSolution
		{5935B336-4ED2-41B5-852B-67A138B2521B}.Debug|x64.ActiveCfg = Debug|x64
		{5935B336-4ED2-41B5-852B-67A138B2521B}.Debug|x64.Build.0 = Debug|x64
		{5935B336-4ED2-41B5-852B-67A138B2521B}.Debug|x86.ActiveCfg = Debug|Win32
		{5935B336-4ED2-41B5-852B-67A138B2521B}.Debug|x86.Build.0 = Debug|Win32
		{5935B336-4ED2-41B5-852B-67A138B2521B}.Release|x64.ActiveCfg = Release|x64
		{5935B336-4ED2-41B5-852B-67A138B2521B}.Release|x64.Build.0 = Release|x64
		{5935B336-4ED2-41B5-852B-67A138B2521B}.Release|x86.ActiveCfg = Release|Win32
		{5935B336-4ED2-41B5-852B-67A138B2521B}.Release|x86.Build.0 = Release|Win32
	EndGlobalSection
	GlobalSection(SolutionProperties) = preSolution
		HideSolutionNode = FALSE
	EndGlobalSection
	GlobalSection(ExtensibilityGlobals) = postSolution
		SolutionGuid = {8F85213A-EA98-445A-8C33-51F8604E7522}
	EndGlobalSection
EndGlobal
