
Microsoft Visual Studio Solution File, Format Version 12.00
# Visual Studio Version 16
VisualStudioVersion = 16.0.30114.105
MinimumVisualStudioVersion = 10.0.40219.1
Project("{8BC9CEB8-8B4A-11D0-8D11-00A0C91BC942}") = "888. Fair Candy Swap", "888. Fair Candy Swap\888. Fair Candy Swap.vcxproj", "{06A3500B-C037-43C0-B056-F82C46430CD6}"
EndProject
Global
	GlobalSection(SolutionConfigurationPlatforms) = preSolution
		Debug|x64 = Debug|x64
		Debug|x86 = Debug|x86
		Release|x64 = Release|x64
		Release|x86 = Release|x86
	EndGlobalSection
	GlobalSection(ProjectConfigurationPlatforms) = postSolution
		{06A3500B-C037-43C0-B056-F82C46430CD6}.Debug|x64.ActiveCfg = Debug|x64
		{06A3500B-C037-43C0-B056-F82C46430CD6}.Debug|x64.Build.0 = Debug|x64
		{06A3500B-C037-43C0-B056-F82C46430CD6}.Debug|x86.ActiveCfg = Debug|Win32
		{06A3500B-C037-43C0-B056-F82C46430CD6}.Debug|x86.Build.0 = Debug|Win32
		{06A3500B-C037-43C0-B056-F82C46430CD6}.Release|x64.ActiveCfg = Release|x64
		{06A3500B-C037-43C0-B056-F82C46430CD6}.Release|x64.Build.0 = Release|x64
		{06A3500B-C037-43C0-B056-F82C46430CD6}.Release|x86.ActiveCfg = Release|Win32
		{06A3500B-C037-43C0-B056-F82C46430CD6}.Release|x86.Build.0 = Release|Win32
	EndGlobalSection
	GlobalSection(SolutionProperties) = preSolution
		HideSolutionNode = FALSE
	EndGlobalSection
	GlobalSection(ExtensibilityGlobals) = postSolution
		SolutionGuid = {4C267A53-B451-4058-B642-6F397D418231}
	EndGlobalSection
EndGlobal
