
Microsoft Visual Studio Solution File, Format Version 12.00
# Visual Studio Version 16
VisualStudioVersion = 16.0.30114.105
MinimumVisualStudioVersion = 10.0.40219.1
Project("{8BC9CEB8-8B4A-11D0-8D11-00A0C91BC942}") = "1486. XOR Operation in an Array", "1486. XOR Operation in an Array\1486. XOR Operation in an Array.vcxproj", "{18080EAC-5C7B-42BC-ADBF-ABE26A9C3206}"
EndProject
Global
	GlobalSection(SolutionConfigurationPlatforms) = preSolution
		Debug|x64 = Debug|x64
		Debug|x86 = Debug|x86
		Release|x64 = Release|x64
		Release|x86 = Release|x86
	EndGlobalSection
	GlobalSection(ProjectConfigurationPlatforms) = postSolution
		{18080EAC-5C7B-42BC-ADBF-ABE26A9C3206}.Debug|x64.ActiveCfg = Debug|x64
		{18080EAC-5C7B-42BC-ADBF-ABE26A9C3206}.Debug|x64.Build.0 = Debug|x64
		{18080EAC-5C7B-42BC-ADBF-ABE26A9C3206}.Debug|x86.ActiveCfg = Debug|Win32
		{18080EAC-5C7B-42BC-ADBF-ABE26A9C3206}.Debug|x86.Build.0 = Debug|Win32
		{18080EAC-5C7B-42BC-ADBF-ABE26A9C3206}.Release|x64.ActiveCfg = Release|x64
		{18080EAC-5C7B-42BC-ADBF-ABE26A9C3206}.Release|x64.Build.0 = Release|x64
		{18080EAC-5C7B-42BC-ADBF-ABE26A9C3206}.Release|x86.ActiveCfg = Release|Win32
		{18080EAC-5C7B-42BC-ADBF-ABE26A9C3206}.Release|x86.Build.0 = Release|Win32
	EndGlobalSection
	GlobalSection(SolutionProperties) = preSolution
		HideSolutionNode = FALSE
	EndGlobalSection
	GlobalSection(ExtensibilityGlobals) = postSolution
		SolutionGuid = {16F9A6C7-9257-4814-97D3-5B7DA79AC733}
	EndGlobalSection
EndGlobal
