
Microsoft Visual Studio Solution File, Format Version 12.00
# Visual Studio Version 16
VisualStudioVersion = 16.0.30413.136
MinimumVisualStudioVersion = 10.0.40219.1
Project("{8BC9CEB8-8B4A-11D0-8D11-00A0C91BC942}") = "796. Rotate String", "796. Rotate String\796. Rotate String.vcxproj", "{FB760CC0-D94F-4F01-9DA4-08EEB8B68655}"
EndProject
Global
	GlobalSection(SolutionConfigurationPlatforms) = preSolution
		Debug|x64 = Debug|x64
		Debug|x86 = Debug|x86
		Release|x64 = Release|x64
		Release|x86 = Release|x86
	EndGlobalSection
	GlobalSection(ProjectConfigurationPlatforms) = postSolution
		{FB760CC0-D94F-4F01-9DA4-08EEB8B68655}.Debug|x64.ActiveCfg = Debug|x64
		{FB760CC0-D94F-4F01-9DA4-08EEB8B68655}.Debug|x64.Build.0 = Debug|x64
		{FB760CC0-D94F-4F01-9DA4-08EEB8B68655}.Debug|x86.ActiveCfg = Debug|Win32
		{FB760CC0-D94F-4F01-9DA4-08EEB8B68655}.Debug|x86.Build.0 = Debug|Win32
		{FB760CC0-D94F-4F01-9DA4-08EEB8B68655}.Release|x64.ActiveCfg = Release|x64
		{FB760CC0-D94F-4F01-9DA4-08EEB8B68655}.Release|x64.Build.0 = Release|x64
		{FB760CC0-D94F-4F01-9DA4-08EEB8B68655}.Release|x86.ActiveCfg = Release|Win32
		{FB760CC0-D94F-4F01-9DA4-08EEB8B68655}.Release|x86.Build.0 = Release|Win32
	EndGlobalSection
	GlobalSection(SolutionProperties) = preSolution
		HideSolutionNode = FALSE
	EndGlobalSection
	GlobalSection(ExtensibilityGlobals) = postSolution
		SolutionGuid = {8783B3BA-4B68-464A-B350-C9E8A1E754BC}
	EndGlobalSection
EndGlobal
