
Microsoft Visual Studio Solution File, Format Version 12.00
# Visual Studio Version 16
VisualStudioVersion = 16.0.30503.244
MinimumVisualStudioVersion = 10.0.40219.1
Project("{8BC9CEB8-8B4A-11D0-8D11-00A0C91BC942}") = "121. Best Time to Buy and Sell Stock", "121. Best Time to Buy and Sell Stock\121. Best Time to Buy and Sell Stock.vcxproj", "{63258EF5-0AD3-4422-A309-AEECE32A57DC}"
EndProject
Global
	GlobalSection(SolutionConfigurationPlatforms) = preSolution
		Debug|x64 = Debug|x64
		Debug|x86 = Debug|x86
		Release|x64 = Release|x64
		Release|x86 = Release|x86
	EndGlobalSection
	GlobalSection(ProjectConfigurationPlatforms) = postSolution
		{63258EF5-0AD3-4422-A309-AEECE32A57DC}.Debug|x64.ActiveCfg = Debug|x64
		{63258EF5-0AD3-4422-A309-AEECE32A57DC}.Debug|x64.Build.0 = Debug|x64
		{63258EF5-0AD3-4422-A309-AEECE32A57DC}.Debug|x86.ActiveCfg = Debug|Win32
		{63258EF5-0AD3-4422-A309-AEECE32A57DC}.Debug|x86.Build.0 = Debug|Win32
		{63258EF5-0AD3-4422-A309-AEECE32A57DC}.Release|x64.ActiveCfg = Release|x64
		{63258EF5-0AD3-4422-A309-AEECE32A57DC}.Release|x64.Build.0 = Release|x64
		{63258EF5-0AD3-4422-A309-AEECE32A57DC}.Release|x86.ActiveCfg = Release|Win32
		{63258EF5-0AD3-4422-A309-AEECE32A57DC}.Release|x86.Build.0 = Release|Win32
	EndGlobalSection
	GlobalSection(SolutionProperties) = preSolution
		HideSolutionNode = FALSE
	EndGlobalSection
	GlobalSection(ExtensibilityGlobals) = postSolution
		SolutionGuid = {726E289F-4F0F-4A13-8113-C43C1FB21641}
	EndGlobalSection
EndGlobal
